
Microsoft Visual Studio Solution File, Format Version 12.00
# Visual Studio Version 16
VisualStudioVersion = 16.0.29709.97
MinimumVisualStudioVersion = 10.0.40219.1
Project("{9A19103F-16F7-4668-BE54-9A1E7A4F7556}") = "UplandPSAAPIClient", "UplandPSAAPIClient.csproj", "{43AA216F-19F6-44EB-9AE0-6D1C9D316AD7}"
EndProject
Project("{FAE04EC0-301F-11D3-BF4B-00C04F79EFBC}") = "Tenrox.Web.Asp.Entry", "..\..\..\..\Git\g201R1\Tenrox\TenroxSoftware\Web\Asp\Entry\Tenrox.Web.Asp.Entry.csproj", "{48195D89-C03A-4DD5-9591-8A35BDE7B34E}"
EndProject
Global
	GlobalSection(SolutionConfigurationPlatforms) = preSolution
		Debug|Any CPU = Debug|Any CPU
		Release|Any CPU = Release|Any CPU
	EndGlobalSection
	GlobalSection(ProjectConfigurationPlatforms) = postSolution
		{43AA216F-19F6-44EB-9AE0-6D1C9D316AD7}.Debug|Any CPU.ActiveCfg = Debug|Any CPU
		{43AA216F-19F6-44EB-9AE0-6D1C9D316AD7}.Release|Any CPU.ActiveCfg = Release|Any CPU
		{43AA216F-19F6-44EB-9AE0-6D1C9D316AD7}.Release|Any CPU.Build.0 = Release|Any CPU
		{48195D89-C03A-4DD5-9591-8A35BDE7B34E}.Debug|Any CPU.ActiveCfg = Debug|Any CPU
		{48195D89-C03A-4DD5-9591-8A35BDE7B34E}.Release|Any CPU.ActiveCfg = Release|Any CPU
		{48195D89-C03A-4DD5-9591-8A35BDE7B34E}.Release|Any CPU.Build.0 = Release|Any CPU
	EndGlobalSection
	GlobalSection(SolutionProperties) = preSolution
		HideSolutionNode = FALSE
	EndGlobalSection
	GlobalSection(ExtensibilityGlobals) = postSolution
		SolutionGuid = {E41BCC19-0AD4-4307-887C-56096B07632A}
	EndGlobalSection
EndGlobal
